
Microsoft Visual Studio Solution File, Format Version 12.00
# Visual Studio Version 17
VisualStudioVersion = 17.6.33801.468
MinimumVisualStudioVersion = 10.0.40219.1
Project("{2150E333-8FDC-42A3-9474-1A3956D46DE8}") = "FrontEnd", "FrontEnd", "{208D8C2F-74FE-4663-91FD-A1B04D2A9312}"
EndProject
Project("{2150E333-8FDC-42A3-9474-1A3956D46DE8}") = "Gateway", "Gateway", "{7A658986-485E-4989-965E-D3B9BA301703}"
EndProject
Project("{2150E333-8FDC-42A3-9474-1A3956D46DE8}") = "Intergration", "Intergration", "{C86D1A58-D218-4341-9B8C-2E5837D56C82}"
EndProject
Project("{2150E333-8FDC-42A3-9474-1A3956D46DE8}") = "Services", "Services", "{6CA01619-C55B-492A-8369-7EC6923BC3F5}"
EndProject
Project("{9A19103F-16F7-4668-BE54-9A1E7A4F7556}") = "Mango.Services.CouponAPI", "Mango.Services.CouponAPI\Mango.Services.CouponAPI.csproj", "{90075FFC-C5DF-4851-AC46-2163143B521F}"
EndProject
Project("{9A19103F-16F7-4668-BE54-9A1E7A4F7556}") = "Mango.Web", "Mango.Web\Mango.Web.csproj", "{BEA0CD8F-8B03-40D1-BB01-E90EEE4D9B70}"
EndProject
Project("{9A19103F-16F7-4668-BE54-9A1E7A4F7556}") = "Mango.Services.AuthAPI", "Mango.Services.AuthAPI\Mango.Services.AuthAPI.csproj", "{6D88C403-1B76-4D47-B34C-27E7C5707C47}"
EndProject
Project("{9A19103F-16F7-4668-BE54-9A1E7A4F7556}") = "Mango.Services.ProductsAPI", "Mango.Services.ProductsAPI\Mango.Services.ProductsAPI.csproj", "{924AA586-47FF-4F48-81B5-04EF3E4FD00B}"
EndProject
Project("{FAE04EC0-301F-11D3-BF4B-00C04F79EFBC}") = "Mango.Services.ShoppingCartAPI", "Mango.Services.ShoppingCartAPI\Mango.Services.ShoppingCartAPI.csproj", "{74CFBFC9-569E-4527-8553-412970B6C524}"
EndProject
Project("{2150E333-8FDC-42A3-9474-1A3956D46DE8}") = "Solution Items", "Solution Items", "{31B4B3B2-3AB3-4F5F-8D5A-E1756856085C}"
	ProjectSection(SolutionItems) = preProject
		.editorconfig = .editorconfig
	EndProjectSection
EndProject
Global
	GlobalSection(SolutionConfigurationPlatforms) = preSolution
		Debug|Any CPU = Debug|Any CPU
		Release|Any CPU = Release|Any CPU
	EndGlobalSection
	GlobalSection(ProjectConfigurationPlatforms) = postSolution
		{90075FFC-C5DF-4851-AC46-2163143B521F}.Debug|Any CPU.ActiveCfg = Debug|Any CPU
		{90075FFC-C5DF-4851-AC46-2163143B521F}.Debug|Any CPU.Build.0 = Debug|Any CPU
		{90075FFC-C5DF-4851-AC46-2163143B521F}.Release|Any CPU.ActiveCfg = Release|Any CPU
		{90075FFC-C5DF-4851-AC46-2163143B521F}.Release|Any CPU.Build.0 = Release|Any CPU
		{BEA0CD8F-8B03-40D1-BB01-E90EEE4D9B70}.Debug|Any CPU.ActiveCfg = Debug|Any CPU
		{BEA0CD8F-8B03-40D1-BB01-E90EEE4D9B70}.Debug|Any CPU.Build.0 = Debug|Any CPU
		{BEA0CD8F-8B03-40D1-BB01-E90EEE4D9B70}.Release|Any CPU.ActiveCfg = Release|Any CPU
		{BEA0CD8F-8B03-40D1-BB01-E90EEE4D9B70}.Release|Any CPU.Build.0 = Release|Any CPU
		{6D88C403-1B76-4D47-B34C-27E7C5707C47}.Debug|Any CPU.ActiveCfg = Debug|Any CPU
		{6D88C403-1B76-4D47-B34C-27E7C5707C47}.Debug|Any CPU.Build.0 = Debug|Any CPU
		{6D88C403-1B76-4D47-B34C-27E7C5707C47}.Release|Any CPU.ActiveCfg = Release|Any CPU
		{6D88C403-1B76-4D47-B34C-27E7C5707C47}.Release|Any CPU.Build.0 = Release|Any CPU
		{924AA586-47FF-4F48-81B5-04EF3E4FD00B}.Debug|Any CPU.ActiveCfg = Debug|Any CPU
		{924AA586-47FF-4F48-81B5-04EF3E4FD00B}.Debug|Any CPU.Build.0 = Debug|Any CPU
		{924AA586-47FF-4F48-81B5-04EF3E4FD00B}.Release|Any CPU.ActiveCfg = Release|Any CPU
		{924AA586-47FF-4F48-81B5-04EF3E4FD00B}.Release|Any CPU.Build.0 = Release|Any CPU
		{74CFBFC9-569E-4527-8553-412970B6C524}.Debug|Any CPU.ActiveCfg = Debug|Any CPU
		{74CFBFC9-569E-4527-8553-412970B6C524}.Debug|Any CPU.Build.0 = Debug|Any CPU
		{74CFBFC9-569E-4527-8553-412970B6C524}.Release|Any CPU.ActiveCfg = Release|Any CPU
		{74CFBFC9-569E-4527-8553-412970B6C524}.Release|Any CPU.Build.0 = Release|Any CPU
	EndGlobalSection
	GlobalSection(SolutionProperties) = preSolution
		HideSolutionNode = FALSE
	EndGlobalSection
	GlobalSection(NestedProjects) = preSolution
		{90075FFC-C5DF-4851-AC46-2163143B521F} = {6CA01619-C55B-492A-8369-7EC6923BC3F5}
		{BEA0CD8F-8B03-40D1-BB01-E90EEE4D9B70} = {208D8C2F-74FE-4663-91FD-A1B04D2A9312}
		{6D88C403-1B76-4D47-B34C-27E7C5707C47} = {6CA01619-C55B-492A-8369-7EC6923BC3F5}
		{924AA586-47FF-4F48-81B5-04EF3E4FD00B} = {6CA01619-C55B-492A-8369-7EC6923BC3F5}
		{74CFBFC9-569E-4527-8553-412970B6C524} = {6CA01619-C55B-492A-8369-7EC6923BC3F5}
	EndGlobalSection
	GlobalSection(ExtensibilityGlobals) = postSolution
		SolutionGuid = {EEDAA0E1-3165-4310-8241-A89A3697F7ED}
	EndGlobalSection
EndGlobal
